{
  "name": "youtube_chat",
  "version": "0.0.1",
  "lockfileVersion": 1,
  "requires": true,
  "dependencies": {
    "asap": {
      "version": "1.0.0",
      "resolved": "https://registry.npmjs.org/asap/-/asap-1.0.0.tgz",
      "integrity": "sha512-Ej9qjcXY+8Tuy1cNqiwNMwFRXOy9UwgTeMA8LxreodygIPV48lx8PU1ecFxb5ZeU1DpMKxiq6vGLTxcitWZPbA=="
    },
    "axios": {
      "version": "0.24.0",
      "resolved": "https://registry.npmjs.org/axios/-/axios-0.24.0.tgz",
      "integrity": "sha512-Q6cWsys88HoPgAaFAVUb0WpPk0O8iTeisR9IMqy9G8AbO4NlpVknrnQS03zzF9PGAWgO3cgletO3VjV/P7VztA==",
      "requires": {
        "follow-redirects": "^1.14.4"
      }
    },
    "follow-redirects": {
      "version": "1.15.0",
      "resolved": "https://registry.npmjs.org/follow-redirects/-/follow-redirects-1.15.0.tgz",
      "integrity": "sha512-aExlJShTV4qOUOL7yF1U5tvLCB0xQuudbf6toyYA0E/acBNw71mvjFTnLaRp50aQaYocMR0a/RMMBIHeZnGyjQ=="
    },
    "kbm-robot": {
      "version": "0.0.4",
      "resolved": "https://registry.npmjs.org/kbm-robot/-/kbm-robot-0.0.4.tgz",
      "integrity": "sha1-nXkw0ikvOC3mZ916iCGskcFMk1Y=",
      "requires": {
        "promise": "^6.1.0"
      }
    },
    "promise": {
      "version": "6.1.0",
      "resolved": "https://registry.npmjs.org/promise/-/promise-6.1.0.tgz",
      "integrity": "sha1-LOcp9rlLRcJoka0GAsXJDgTG7vY=",
      "requires": {
        "asap": "~1.0.0"
      }
    },
    "sendkeys": {
      "version": "1.1.1",
      "resolved": "https://registry.npmjs.org/sendkeys/-/sendkeys-1.1.1.tgz",
      "integrity": "sha512-gULQPxLKyfNRb83XWXAA0eJu8J+uwY6my1oI1+efN8rH6AUX6KgayweI+yn2qX1fL4iBibS59L1SO2qXukTPnA=="
    },
    "typed-emitter": {
      "version": "1.4.0",
      "resolved": "https://registry.npmjs.org/typed-emitter/-/typed-emitter-1.4.0.tgz",
      "integrity": "sha512-weBmoo3HhpKGgLBOYwe8EB31CzDFuaK7CCL+axXhUYhn4jo6DSkHnbefboCF5i4DQ2aMFe0C/FdTWcPdObgHyg=="
    },
    "youtube-chat": {
      "version": "2.1.1",
      "resolved": "https://registry.npmjs.org/youtube-chat/-/youtube-chat-2.1.1.tgz",
      "integrity": "sha512-5ybLoadfeTIKVPOLGzz+51h+2eWdLws1lH0vfw9gNp81QMq+ke9NM9HOzWE/+1B9DZnRiLt5riSdF9/3kJ3RTg==",
      "requires": {
        "axios": "^0.24.0",
        "typed-emitter": "^1.4.0"
      }
    }
  }
}
